
Microsoft Visual Studio Solution File, Format Version 12.00
# Visual Studio Version 17
VisualStudioVersion = 17.0.31903.59
MinimumVisualStudioVersion = 10.0.40219.1
Project("{2150E333-8FDC-42A3-9474-1A3956D46DE8}") = "src", "src", "{B4C68BC1-722B-4069-9E4D-7E7FB04FA20A}"
EndProject
Project("{FAE04EC0-301F-11D3-BF4B-00C04F79EFBC}") = "ExampleLib", "src\ExampleLib\ExampleLib.csproj", "{D3DB6112-0E76-495B-BE71-5186112A4296}"
EndProject
Project("{2150E333-8FDC-42A3-9474-1A3956D46DE8}") = "tests", "tests", "{CE774A12-53F2-4F94-ADFA-96E36863AED4}"
EndProject
Project("{FAE04EC0-301F-11D3-BF4B-00C04F79EFBC}") = "ExampleLib.UnitTests", "tests\ExampleLib.UnitTests\ExampleLib.UnitTests.csproj", "{9E45EACA-B811-400F-978F-7419AC8658D5}"
EndProject
Project("{FAE04EC0-301F-11D3-BF4B-00C04F79EFBC}") = "Lexer", "Lexer\Lexer.csproj", "{BF232989-3B44-4307-8A22-DE9EE782BA0C}"
EndProject
Project("{FAE04EC0-301F-11D3-BF4B-00C04F79EFBC}") = "Lexer.UnitTests", "Lexer.UnitTests\Lexer.UnitTests.csproj", "{B1ED23A4-3D6D-4FDE-A07C-0CE0287F978D}"
EndProject
Project("{FAE04EC0-301F-11D3-BF4B-00C04F79EFBC}") = "Parser", "Parser\Parser.csproj", "{8E208E76-6DB5-4508-9A81-D218BBE6058D}"
EndProject
Project("{FAE04EC0-301F-11D3-BF4B-00C04F79EFBC}") = "Parser.UnitTests", "Parser.UnitTests\Parser.UnitTests.csproj", "{80E86DE2-9B1F-4C12-9108-84F6199820C5}"
EndProject
Project("{FAE04EC0-301F-11D3-BF4B-00C04F79EFBC}") = "Execution", "Execution\Execution.csproj", "{A1B2C3D4-E5F6-4A5B-8C9D-0E1F2A3B4C5D}"
EndProject
Global
	GlobalSection(SolutionConfigurationPlatforms) = preSolution
		Debug|Any CPU = Debug|Any CPU
		Release|Any CPU = Release|Any CPU
	EndGlobalSection
	GlobalSection(ProjectConfigurationPlatforms) = postSolution
		{D3DB6112-0E76-495B-BE71-5186112A4296}.Debug|Any CPU.ActiveCfg = Debug|Any CPU
		{D3DB6112-0E76-495B-BE71-5186112A4296}.Debug|Any CPU.Build.0 = Debug|Any CPU
		{D3DB6112-0E76-495B-BE71-5186112A4296}.Release|Any CPU.ActiveCfg = Release|Any CPU
		{D3DB6112-0E76-495B-BE71-5186112A4296}.Release|Any CPU.Build.0 = Release|Any CPU
		{9E45EACA-B811-400F-978F-7419AC8658D5}.Debug|Any CPU.ActiveCfg = Debug|Any CPU
		{9E45EACA-B811-400F-978F-7419AC8658D5}.Debug|Any CPU.Build.0 = Debug|Any CPU
		{9E45EACA-B811-400F-978F-7419AC8658D5}.Release|Any CPU.ActiveCfg = Release|Any CPU
		{9E45EACA-B811-400F-978F-7419AC8658D5}.Release|Any CPU.Build.0 = Release|Any CPU
		{BF232989-3B44-4307-8A22-DE9EE782BA0C}.Debug|Any CPU.ActiveCfg = Debug|Any CPU
		{BF232989-3B44-4307-8A22-DE9EE782BA0C}.Debug|Any CPU.Build.0 = Debug|Any CPU
		{BF232989-3B44-4307-8A22-DE9EE782BA0C}.Release|Any CPU.ActiveCfg = Release|Any CPU
		{BF232989-3B44-4307-8A22-DE9EE782BA0C}.Release|Any CPU.Build.0 = Release|Any CPU
		{B1ED23A4-3D6D-4FDE-A07C-0CE0287F978D}.Debug|Any CPU.ActiveCfg = Debug|Any CPU
		{B1ED23A4-3D6D-4FDE-A07C-0CE0287F978D}.Debug|Any CPU.Build.0 = Debug|Any CPU
		{B1ED23A4-3D6D-4FDE-A07C-0CE0287F978D}.Release|Any CPU.ActiveCfg = Release|Any CPU
		{B1ED23A4-3D6D-4FDE-A07C-0CE0287F978D}.Release|Any CPU.Build.0 = Release|Any CPU
		{8E208E76-6DB5-4508-9A81-D218BBE6058D}.Debug|Any CPU.ActiveCfg = Debug|Any CPU
		{8E208E76-6DB5-4508-9A81-D218BBE6058D}.Debug|Any CPU.Build.0 = Debug|Any CPU
		{8E208E76-6DB5-4508-9A81-D218BBE6058D}.Release|Any CPU.ActiveCfg = Release|Any CPU
		{8E208E76-6DB5-4508-9A81-D218BBE6058D}.Release|Any CPU.Build.0 = Release|Any CPU
		{80E86DE2-9B1F-4C12-9108-84F6199820C5}.Debug|Any CPU.ActiveCfg = Debug|Any CPU
		{80E86DE2-9B1F-4C12-9108-84F6199820C5}.Debug|Any CPU.Build.0 = Debug|Any CPU
		{80E86DE2-9B1F-4C12-9108-84F6199820C5}.Release|Any CPU.ActiveCfg = Release|Any CPU
		{80E86DE2-9B1F-4C12-9108-84F6199820C5}.Release|Any CPU.Build.0 = Release|Any CPU
		{A1B2C3D4-E5F6-4A5B-8C9D-0E1F2A3B4C5D}.Debug|Any CPU.ActiveCfg = Debug|Any CPU
		{A1B2C3D4-E5F6-4A5B-8C9D-0E1F2A3B4C5D}.Debug|Any CPU.Build.0 = Debug|Any CPU
		{A1B2C3D4-E5F6-4A5B-8C9D-0E1F2A3B4C5D}.Release|Any CPU.ActiveCfg = Release|Any CPU
		{A1B2C3D4-E5F6-4A5B-8C9D-0E1F2A3B4C5D}.Release|Any CPU.Build.0 = Release|Any CPU
	EndGlobalSection
	GlobalSection(SolutionProperties) = preSolution
		HideSolutionNode = FALSE
	EndGlobalSection
	GlobalSection(NestedProjects) = preSolution
		{D3DB6112-0E76-495B-BE71-5186112A4296} = {B4C68BC1-722B-4069-9E4D-7E7FB04FA20A}
		{9E45EACA-B811-400F-978F-7419AC8658D5} = {CE774A12-53F2-4F94-ADFA-96E36863AED4}
		{BF232989-3B44-4307-8A22-DE9EE782BA0C} = {B4C68BC1-722B-4069-9E4D-7E7FB04FA20A}
		{B1ED23A4-3D6D-4FDE-A07C-0CE0287F978D} = {CE774A12-53F2-4F94-ADFA-96E36863AED4}
		{8E208E76-6DB5-4508-9A81-D218BBE6058D} = {B4C68BC1-722B-4069-9E4D-7E7FB04FA20A}
		{80E86DE2-9B1F-4C12-9108-84F6199820C5} = {CE774A12-53F2-4F94-ADFA-96E36863AED4}
		{A1B2C3D4-E5F6-4A5B-8C9D-0E1F2A3B4C5D} = {B4C68BC1-722B-4069-9E4D-7E7FB04FA20A}
	EndGlobalSection
	GlobalSection(ExtensibilityGlobals) = postSolution
		SolutionGuid = {44507618-DF04-48B2-8B86-FDD040C0BBC0}
	EndGlobalSection
EndGlobal
